
Microsoft Visual Studio Solution File, Format Version 12.00
# Visual Studio Version 16
VisualStudioVersion = 16.0.31321.278
MinimumVisualStudioVersion = 10.0.40219.1
Project("{FAE04EC0-301F-11D3-BF4B-00C04F79EFBC}") = "Golf_Game", "Golf_Game\Golf_Game.csproj", "{EAAAB1EF-A5ED-4C82-8085-2865E157BED2}"
EndProject
Global
	GlobalSection(SolutionConfigurationPlatforms) = preSolution
		Debug|Any CPU = Debug|Any CPU
		Release|Any CPU = Release|Any CPU
	EndGlobalSection
	GlobalSection(ProjectConfigurationPlatforms) = postSolution
		{EAAAB1EF-A5ED-4C82-8085-2865E157BED2}.Debug|Any CPU.ActiveCfg = Debug|Any CPU
		{EAAAB1EF-A5ED-4C82-8085-2865E157BED2}.Debug|Any CPU.Build.0 = Debug|Any CPU
		{EAAAB1EF-A5ED-4C82-8085-2865E157BED2}.Release|Any CPU.ActiveCfg = Release|Any CPU
		{EAAAB1EF-A5ED-4C82-8085-2865E157BED2}.Release|Any CPU.Build.0 = Release|Any CPU
	EndGlobalSection
	GlobalSection(SolutionProperties) = preSolution
		HideSolutionNode = FALSE
	EndGlobalSection
	GlobalSection(ExtensibilityGlobals) = postSolution
		SolutionGuid = {5FDB8A63-04DB-405B-ACDB-D475097ABA96}
	EndGlobalSection
EndGlobal
